Microsoft Visual Studio Solution File, Format Version 12.00
# Visual Studio Version 17
VisualStudioVersion = 17.13.35931.197
MinimumVisualStudioVersion = 10.0.40219.1
Project("{FAE04EC0-301F-11D3-BF4B-00C04F79EFBC}") = "QsitSelectByFilter", "QsitSelectByFilter.csproj", "{B0C36E08-4878-4E5E-8EC9-A46B3495E75A}"
EndProject
Global
	GlobalSection(SolutionConfigurationPlatforms) = preSolution
		Debug|Any CPU = Debug|Any CPU
		Release|Any CPU = Release|Any CPU
	EndGlobalSection
	GlobalSection(ProjectConfigurationPlatforms) = postSolution
		{B0C36E08-4878-4E5E-8EC9-A46B3495E75A}.Debug|Any CPU.ActiveCfg = Debug|Any CPU
		{B0C36E08-4878-4E5E-8EC9-A46B3495E75A}.Debug|Any CPU.Build.0 = Debug|Any CPU
		{B0C36E08-4878-4E5E-8EC9-A46B3495E75A}.Release|Any CPU.ActiveCfg = Release|Any CPU
		{B0C36E08-4878-4E5E-8EC9-A46B3495E75A}.Release|Any CPU.Build.0 = Release|Any CPU
	EndGlobalSection
	GlobalSection(SolutionProperties) = preSolution
		HideSolutionNode = FALSE
	EndGlobalSection
	GlobalSection(ExtensibilityGlobals) = postSolution
		SolutionGuid = {8FB615D6-17A2-44A0-AA12-3B9088EBAC3A}
	EndGlobalSection
EndGlobal
